github.com/gorilla/securecookie v1.1.1 h1:miw7JPhV+b/lAHSXz4qd/nN9jRiAFV5FwjeKyCS8BvQ=
github.com/gorilla/securecookie v1.1.1/go.mod h1:ra0sb63/xPlUeL+yeDciTfxMRAA+MP+HVt/4epWDjd4=
github.com/gorilla/sessions v1.2.1 h1:DHd3rPN5lE3Ts3D8rKkQ8x/0kqfeNmBAaiSi+o7FsgI=
github.com/gorilla/sessions v1.2.1/go.mod h1:dk2InVEVJ0sfLlnXv9EAgkf6ecYs/i80K/zI+bUmuGM=
github.com/najeira/randstr v0.0.0-20191030110141-1e0089ca9dfd h1:kAUAVYnYrAJ+fHzdWaurknJq49C1Fztvmu9E6dFQPVU=
github.com/najeira/randstr v0.0.0-20191030110141-1e0089ca9dfd/go.mod h1:hRjgs0Fga3q5BidBusMchmIc5wuLuguRgm7sshtuTO8=
